
Microsoft Visual Studio Solution File, Format Version 12.00
# Visual Studio Version 17
VisualStudioVersion = 17.0.32112.339
MinimumVisualStudioVersion = 10.0.40219.1
Project("{FAE04EC0-301F-11D3-BF4B-00C04F79EFBC}") = "Dungeon App", "Dungeon App.csproj", "{793F1A9E-EE9E-4F28-8AE9-E7F0136B52DE}"
EndProject
Global
	GlobalSection(SolutionConfigurationPlatforms) = preSolution
		Debug|Any CPU = Debug|Any CPU
		Release|Any CPU = Release|Any CPU
	EndGlobalSection
	GlobalSection(ProjectConfigurationPlatforms) = postSolution
		{793F1A9E-EE9E-4F28-8AE9-E7F0136B52DE}.Debug|Any CPU.ActiveCfg = Debug|Any CPU
		{793F1A9E-EE9E-4F28-8AE9-E7F0136B52DE}.Debug|Any CPU.Build.0 = Debug|Any CPU
		{793F1A9E-EE9E-4F28-8AE9-E7F0136B52DE}.Release|Any CPU.ActiveCfg = Release|Any CPU
		{793F1A9E-EE9E-4F28-8AE9-E7F0136B52DE}.Release|Any CPU.Build.0 = Release|Any CPU
	EndGlobalSection
	GlobalSection(SolutionProperties) = preSolution
		HideSolutionNode = FALSE
	EndGlobalSection
	GlobalSection(ExtensibilityGlobals) = postSolution
		SolutionGuid = {3E7BC619-F35F-4218-8B7B-25FDCC440A17}
	EndGlobalSection
EndGlobal
